// !$*UTF8*$!
{
	archiveVersion = 1;
	classes = {
	};
	objectVersion = 56;
	objects = {

/* Begin PBXBuildFile section */
		91D97BA72A9CF00C00B91BE1 /* DatenbankenmodelleApp.swift in Sources */ = {isa = PBXBuildFile; fileRef = 91D97BA62A9CF00C00B91BE1 /* DatenbankenmodelleApp.swift */; };
		91D97BA92A9CF00C00B91BE1 /* ContentView.swift in Sources */ = {isa = PBXBuildFile; fileRef = 91D97BA82A9CF00C00B91BE1 /* ContentView.swift */; };
		91D97BAB2A9CF01000B91BE1 /* Assets.xcassets in Resources */ = {isa = PBXBuildFile; fileRef = 91D97BAA2A9CF01000B91BE1 /* Assets.xcassets */; };
		91D97BAE2A9CF01000B91BE1 /* Preview Assets.xcassets in Resources */ = {isa = PBXBuildFile; fileRef = 91D97BAD2A9CF01000B91BE1 /* Preview Assets.xcassets */; };
		91D97BB62A9CF34D00B91BE1 /* UserDefaultsView.swift in Sources */ = {isa = PBXBuildFile; fileRef = 91D97BB52A9CF34D00B91BE1 /* UserDefaultsView.swift */; };
/* End PBXBuildFile section */

/* Begin PBXFileReference section */
		91D97BA32A9CF00C00B91BE1 /* Datenbankenmodelle.app */ = {isa = PBXFileReference; explicitFileType = wrapper.application; includeInIndex = 0; path = Datenbankenmodelle.app; sourceTree = BUILT_PRODUCTS_DIR; };
		91D97BA62A9CF00C00B91BE1 /* DatenbankenmodelleApp.swift */ = {isa = PBXFileReference; lastKnownFileType = sourcecode.swift; path = DatenbankenmodelleApp.swift; sourceTree = "<group>"; };
		91D97BA82A9CF00C00B91BE1 /* ContentView.swift */ = {isa = PBXFileReference; lastKnownFileType = sourcecode.swift; path = ContentView.swift; sourceTree = "<group>"; };
		91D97BAA2A9CF01000B91BE1 /* Assets.xcassets */ = {isa = PBXFileReference; lastKnownFileType = folder.assetcatalog; path = Assets.xcassets; sourceTree = "<group>"; };
		91D97BAD2A9CF01000B91BE1 /* Preview Assets.xcassets */ = {isa = PBXFileReference; lastKnownFileType = folder.assetcatalog; path = "Preview Assets.xcassets"; sourceTree = "<group>"; };
		91D97BAF2A9CF01000B91BE1 /* Datenbankenmodelle.entitlements */ = {isa = PBXFileReference; lastKnownFileType = text.plist.entitlements; path = Datenbankenmodelle.entitlements; sourceTree = "<group>"; };
		91D97BB52A9CF34D00B91BE1 /* UserDefaultsView.swift */ = {isa = PBXFileReference; lastKnownFileType = sourcecode.swift; path = UserDefaultsView.swift; sourceTree = "<group>"; };
/* End PBXFileReference section */

/* Begin PBXFrameworksBuildPhase section */
		91D97BA02A9CF00C00B91BE1 /* Frameworks */ = {
			isa = PBXFrameworksBuildPhase;
			buildActionMask = 2147483647;
			files = (
			);
			runOnlyForDeploymentPostprocessing = 0;
		};
/* End PBXFrameworksBuildPhase section */

/* Begin PBXGroup section */
		91D97B9A2A9CF00C00B91BE1 = {
			isa = PBXGroup;
			children = (
				91D97BA52A9CF00C00B91BE1 /* Datenbankenmodelle */,
				91D97BA42A9CF00C00B91BE1 /* Products */,
			);
			sourceTree = "<group>";
		};
		91D97BA42A9CF00C00B91BE1 /* Products */ = {
			isa = PBXGroup;
			children = (
				91D97BA32A9CF00C00B91BE1 /* Datenbankenmodelle.app */,
			);
			name = Products;
			sourceTree = "<group>";
		};
		91D97BA52A9CF00C00B91BE1 /* Datenbankenmodelle */ = {
			isa = PBXGroup;
			children = (
				91D97BA62A9CF00C00B91BE1 /* DatenbankenmodelleApp.swift */,
				91D97BB52A9CF34D00B91BE1 /* UserDefaultsView.swift */,
				91D97BA82A9CF00C00B91BE1 /* ContentView.swift */,
				91D97BAA2A9CF01000B91BE1 /* Assets.xcassets */,
				91D97BAF2A9CF01000B91BE1 /* Datenbankenmodelle.entitlements */,
				91D97BAC2A9CF01000B91BE1 /* Preview Content */,
			);
			path = Datenbankenmodelle;
			sourceTree = "<group>";
		};
		91D97BAC2A9CF01000B91BE1 /* Preview Content */ = {
			isa = PBXGroup;
			children = (
				91D97BAD2A9CF01000B91BE1 /* Preview Assets.xcassets */,
			);
			path = "Preview Content";
			sourceTree = "<group>";
		};
/* End PBXGroup section */

/* Begin PBXNativeTarget section */
		91D97BA22A9CF00C00B91BE1 /* Datenbankenmodelle */ = {
			isa = PBXNativeTarget;
			buildConfigurationList = 91D97BB22A9CF01000B91BE1 /* Build configuration list for PBXNativeTarget "Datenbankenmodelle" */;
			buildPhases = (
				91D97B9F2A9CF00C00B91BE1 /* Sources */,
				91D97BA02A9CF00C00B91BE1 /* Frameworks */,
				91D97BA12A9CF00C00B91BE1 /* Resources */,
			);
			buildRules = (
			);
			dependencies = (
			);
			name = Datenbankenmodelle;
			productName = Datenbankenmodelle;
			productReference = 91D97BA32A9CF00C00B91BE1 /* Datenbankenmodelle.app */;
			productType = "com.apple.product-type.application";
		};
/* End PBXNativeTarget section */

/* Begin PBXProject section */
		91D97B9B2A9CF00C00B91BE1 /* Project object */ = {
			isa = PBXProject;
			attributes = {
				BuildIndependentTargetsInParallel = 1;
				LastSwiftUpdateCheck = 1500;
				LastUpgradeCheck = 1500;
				TargetAttributes = {
					91D97BA22A9CF00C00B91BE1 = {
						CreatedOnToolsVersion = 15.0;
					};
				};
			};
			buildConfigurationList = 91D97B9E2A9CF00C00B91BE1 /* Build configuration list for PBXProject "Datenbankenmodelle" */;
			compatibilityVersion = "Xcode 14.0";
			developmentRegion = en;
			hasScannedForEncodings = 0;
			knownRegions = (
				en,
				Base,
			);
			mainGroup = 91D97B9A2A9CF00C00B91BE1;
			productRefGroup = 91D97BA42A9CF00C00B91BE1 /* Products */;
			projectDirPath = "";
			projectRoot = "";
			targets = (
				91D97BA22A9CF00C00B91BE1 /* Datenbankenmodelle */,
			);
		};
/* End PBXProject section */

/* Begin PBXResourcesBuildPhase section */
		91D97BA12A9CF00C00B91BE1 /* Resources */ = {
			isa = PBXResourcesBuildPhase;
			buildActionMask = 2147483647;
			files = (
				91D97BAE2A9CF01000B91BE1 /* Preview Assets.xcassets in Resources */,
				91D97BAB2A9CF01000B91BE1 /* Assets.xcassets in Resources */,
			);
			runOnlyForDeploymentPostprocessing = 0;
		};
/* End PBXResourcesBuildPhase section */

/* Begin PBXSourcesBuildPhase section */
		91D97B9F2A9CF00C00B91BE1 /* Sources */ = {
			isa = PBXSourcesBuildPhase;
			buildActionMask = 2147483647;
			files = (
				91D97BB62A9CF34D00B91BE1 /* UserDefaultsView.swift in Sources */,
				91D97BA92A9CF00C00B91BE1 /* ContentView.swift in Sources */,
				91D97BA72A9CF00C00B91BE1 /* DatenbankenmodelleApp.swift in Sources */,
			);
			runOnlyForDeploymentPostprocessing = 0;
		};
/* End PBXSourcesBuildPhase section */

/* Begin XCBuildConfiguration section */
		91D97BB02A9CF01000B91BE1 /* Debug */ = {
			isa = XCBuildConfiguration;
			buildSettings = {
				ALWAYS_SEARCH_USER_PATHS = NO;
				ASSETCATALOG_COMPILER_GENERATE_SWIFT_ASSET_SYMBOL_EXTENSIONS = YES;
				CLANG_ANALYZER_NONNULL = YES;
				CLANG_ANALYZER_NUMBER_OBJECT_CONVERSION = YES_AGGRESSIVE;
				CLANG_CXX_LANGUAGE_STANDARD = "gnu++20";
				CLANG_ENABLE_MODULES = YES;
				CLANG_ENABLE_OBJC_ARC = YES;
				CLANG_ENABLE_OBJC_WEAK = YES;
				CLANG_WARN_BLOCK_CAPTURE_AUTORELEASING = YES;
				CLANG_WARN_BOOL_CONVERSION = YES;
				CLANG_WARN_COMMA = YES;
				CLANG_WARN_CONSTANT_CONVERSION = YES;
				CLANG_WARN_DEPRECATED_OBJC_IMPLEMENTATIONS = YES;
				CLANG_WARN_DIRECT_OBJC_ISA_USAGE = YES_ERROR;
				CLANG_WARN_DOCUMENTATION_COMMENTS = YES;
				CLANG_WARN_EMPTY_BODY = YES;
				CLANG_WARN_ENUM_CONVERSION = YES;
				CLANG_WARN_INFINITE_RECURSION = YES;
				CLANG_WARN_INT_CONVERSION = YES;
				CLANG_WARN_NON_LITERAL_NULL_CONVERSION = YES;
				CLANG_WARN_OBJC_IMPLICIT_RETAIN_SELF = YES;
				CLANG_WARN_OBJC_LITERAL_CONVERSION = YES;
				CLANG_WARN_OBJC_ROOT_CLASS = YES_ERROR;
				CLANG_WARN_QUOTED_INCLUDE_IN_FRAMEWORK_HEADER = YES;
				CLANG_WARN_RANGE_LOOP_ANALYSIS = YES;
				CLANG_WARN_STRICT_PROTOTYPES = YES;
				CLANG_WARN_SUSPICIOUS_MOVE = YES;
				CLANG_WARN_UNGUARDED_AVAILABILITY = YES_AGGRESSIVE;
				CLANG_WARN_UNREACHABLE_CODE = YES;
				CLANG_WARN__DUPLICATE_METHOD_MATCH = YES;
				COPY_PHASE_STRIP = NO;
				DEBUG_INFORMATION_FORMAT = dwarf;
				ENABLE_STRICT_OBJC_MSGSEND = YES;
				ENABLE_TESTABILITY = YES;
				ENABLE_USER_SCRIPT_SANDBOXING = YES;
				GCC_C_LANGUAGE_STANDARD = gnu17;
				GCC_DYNAMIC_NO_PIC = NO;
				GCC_NO_COMMON_BLOCKS = YES;
				GCC_OPTIMIZATION_LEVEL = 0;
				GCC_PREPROCESSOR_DEFINITIONS = (
					"DEBUG=1",
					"$(inherited)",
				);
				GCC_WARN_64_TO_32_BIT_CONVERSION = YES;
				GCC_WARN_ABOUT_RETURN_TYPE = YES_ERROR;
				GCC_WARN_UNDECLARED_SELECTOR = YES;
				GCC_WARN_UNINITIALIZED_AUTOS = YES_AGGRESSIVE;
				GCC_WARN_UNUSED_FUNCTION = YES;
				GCC_WARN_UNUSED_VARIABLE = YES;
				LOCALIZATION_PREFERS_STRING_CATALOGS = YES;
				MACOSX_DEPLOYMENT_TARGET = 14.0;
				MTL_ENABLE_DEBUG_INFO = INCLUDE_SOURCE;
				MTL_FAST_MATH = YES;
				ONLY_ACTIVE_ARCH = YES;
				SDKROOT = macosx;
				SWIFT_ACTIVE_COMPILATION_CONDITIONS = "DEBUG $(inherited)";
				SWIFT_OPTIMIZATION_LEVEL = "-Onone";
			};
			name = Debug;
		};
		91D97BB12A9CF01000B91BE1 /* Release */ = {
			isa = XCBuildConfiguration;
			buildSettings = {
				ALWAYS_SEARCH_USER_PATHS = NO;
				ASSETCATALOG_COMPILER_GENERATE_SWIFT_ASSET_SYMBOL_EXTENSIONS = YES;
				CLANG_ANALYZER_NONNULL = YES;
				CLANG_ANALYZER_NUMBER_OBJECT_CONVERSION = YES_AGGRESSIVE;
				CLANG_CXX_LANGUAGE_STANDARD = "gnu++20";
				CLANG_ENABLE_MODULES = YES;
				CLANG_ENABLE_OBJC_ARC = YES;
				CLANG_ENABLE_OBJC_WEAK = YES;
				CLANG_WARN_BLOCK_CAPTURE_AUTORELEASING = YES;
				CLANG_WARN_BOOL_CONVERSION = YES;
				CLANG_WARN_COMMA = YES;
				CLANG_WARN_CONSTANT_CONVERSION = YES;
				CLANG_WARN_DEPRECATED_OBJC_IMPLEMENTATIONS = YES;
				CLANG_WARN_DIRECT_OBJC_ISA_USAGE = YES_ERROR;
				CLANG_WARN_DOCUMENTATION_COMMENTS = YES;
				CLANG_WARN_EMPTY_BODY = YES;
				CLANG_WARN_ENUM_CONVERSION = YES;
				CLANG_WARN_INFINITE_RECURSION = YES;
				CLANG_WARN_INT_CONVERSION = YES;
				CLANG_WARN_NON_LITERAL_NULL_CONVERSION = YES;
				CLANG_WARN_OBJC_IMPLICIT_RETAIN_SELF = YES;
				CLANG_WARN_OBJC_LITERAL_CONVERSION = YES;
				CLANG_WARN_OBJC_ROOT_CLASS = YES_ERROR;
				CLANG_WARN_QUOTED_INCLUDE_IN_FRAMEWORK_HEADER = YES;
				CLANG_WARN_RANGE_LOOP_ANALYSIS = YES;
				CLANG_WARN_STRICT_PROTOTYPES = YES;
				CLANG_WARN_SUSPICIOUS_MOVE = YES;
				CLANG_WARN_UNGUARDED_AVAILABILITY = YES_AGGRESSIVE;
				CLANG_WARN_UNREACHABLE_CODE = YES;
				CLANG_WARN__DUPLICATE_METHOD_MATCH = YES;
				COPY_PHASE_STRIP = NO;
				DEBUG_INFORMATION_FORMAT = "dwarf-with-dsym";
				ENABLE_NS_ASSERTIONS = NO;
				ENABLE_STRICT_OBJC_MSGSEND = YES;
				ENABLE_USER_SCRIPT_SANDBOXING = YES;
				GCC_C_LANGUAGE_STANDARD = gnu17;
				GCC_NO_COMMON_BLOCKS = YES;
				GCC_WARN_64_TO_32_BIT_CONVERSION = YES;
				GCC_WARN_ABOUT_RETURN_TYPE = YES_ERROR;
				GCC_WARN_UNDECLARED_SELECTOR = YES;
				GCC_WARN_UNINITIALIZED_AUTOS = YES_AGGRESSIVE;
				GCC_WARN_UNUSED_FUNCTION = YES;
				GCC_WARN_UNUSED_VARIABLE = YES;
				LOCALIZATION_PREFERS_STRING_CATALOGS = YES;
				MACOSX_DEPLOYMENT_TARGET = 14.0;
				MTL_ENABLE_DEBUG_INFO = NO;
				MTL_FAST_MATH = YES;
				SDKROOT = macosx;
				SWIFT_COMPILATION_MODE = wholemodule;
			};
			name = Release;
		};
		91D97BB32A9CF01000B91BE1 /* Debug */ = {
			isa = XCBuildConfiguration;
			buildSettings = {
				ASSETCATALOG_COMPILER_APPICON_NAME = AppIcon;
				ASSETCATALOG_COMPILER_GLOBAL_ACCENT_COLOR_NAME = AccentColor;
				CODE_SIGN_ENTITLEMENTS = Datenbankenmodelle/Datenbankenmodelle.entitlements;
				CODE_SIGN_STYLE = Automatic;
				COMBINE_HIDPI_IMAGES = YES;
				CURRENT_PROJECT_VERSION = 1;
				DEVELOPMENT_ASSET_PATHS = "\"Datenbankenmodelle/Preview Content\"";
				ENABLE_PREVIEWS = YES;
				GENERATE_INFOPLIST_FILE = YES;
				INFOPLIST_KEY_NSHumanReadableCopyright = "";
				LD_RUNPATH_SEARCH_PATHS = (
					"$(inherited)",
					"@executable_path/../Frameworks",
				);
				MACOSX_DEPLOYMENT_TARGET = 12.0;
				MARKETING_VERSION = 1.0;
				PRODUCT_BUNDLE_IDENTIFIER = comboomPunkTsucht.Datenbankenmodelle;
				PRODUCT_NAME = "$(TARGET_NAME)";
				SWIFT_EMIT_LOC_STRINGS = YES;
				SWIFT_VERSION = 5.0;
			};
			name = Debug;
		};
		91D97BB42A9CF01000B91BE1 /* Release */ = {
			isa = XCBuildConfiguration;
			buildSettings = {
				ASSETCATALOG_COMPILER_APPICON_NAME = AppIcon;
				ASSETCATALOG_COMPILER_GLOBAL_ACCENT_COLOR_NAME = AccentColor;
				CODE_SIGN_ENTITLEMENTS = Datenbankenmodelle/Datenbankenmodelle.entitlements;
				CODE_SIGN_STYLE = Automatic;
				COMBINE_HIDPI_IMAGES = YES;
				CURRENT_PROJECT_VERSION = 1;
				DEVELOPMENT_ASSET_PATHS = "\"Datenbankenmodelle/Preview Content\"";
				ENABLE_PREVIEWS = YES;
				GENERATE_INFOPLIST_FILE = YES;
				INFOPLIST_KEY_NSHumanReadableCopyright = "";
				LD_RUNPATH_SEARCH_PATHS = (
					"$(inherited)",
					"@executable_path/../Frameworks",
				);
				MACOSX_DEPLOYMENT_TARGET = 12.0;
				MARKETING_VERSION = 1.0;
				PRODUCT_BUNDLE_IDENTIFIER = comboomPunkTsucht.Datenbankenmodelle;
				PRODUCT_NAME = "$(TARGET_NAME)";
				SWIFT_EMIT_LOC_STRINGS = YES;
				SWIFT_VERSION = 5.0;
			};
			name = Release;
		};
/* End XCBuildConfiguration section */

/* Begin XCConfigurationList section */
		91D97B9E2A9CF00C00B91BE1 /* Build configuration list for PBXProject "Datenbankenmodelle" */ = {
			isa = XCConfigurationList;
			buildConfigurations = (
				91D97BB02A9CF01000B91BE1 /* Debug */,
				91D97BB12A9CF01000B91BE1 /* Release */,
			);
			defaultConfigurationIsVisible = 0;
			defaultConfigurationName = Release;
		};
		91D97BB22A9CF01000B91BE1 /* Build configuration list for PBXNativeTarget "Datenbankenmodelle" */ = {
			isa = XCConfigurationList;
			buildConfigurations = (
				91D97BB32A9CF01000B91BE1 /* Debug */,
				91D97BB42A9CF01000B91BE1 /* Release */,
			);
			defaultConfigurationIsVisible = 0;
			defaultConfigurationName = Release;
		};
/* End XCConfigurationList section */
	};
	rootObject = 91D97B9B2A9CF00C00B91BE1 /* Project object */;
}
